
Microsoft Visual Studio Solution File, Format Version 12.00
# Visual Studio Version 17
VisualStudioVersion = 17.7.34202.233
MinimumVisualStudioVersion = 10.0.40219.1
Project("{FAE04EC0-301F-11D3-BF4B-00C04F79EFBC}") = "RealEstate_Dapper_Api", "RealEstate_Dapper_Api\RealEstate_Dapper_Api.csproj", "{28EA4E50-EF1A-4BE0-A460-0F5FB4A8C041}"
EndProject
Project("{FAE04EC0-301F-11D3-BF4B-00C04F79EFBC}") = "RealEstate_Dapper_UI", "RealEstate_Dapper_UI\RealEstate_Dapper_UI.csproj", "{131BAF0B-BF81-4EFF-B321-CBA735A4641C}"
EndProject
Global
	GlobalSection(SolutionConfigurationPlatforms) = preSolution
		Debug|Any CPU = Debug|Any CPU
		Release|Any CPU = Release|Any CPU
	EndGlobalSection
	GlobalSection(ProjectConfigurationPlatforms) = postSolution
		{28EA4E50-EF1A-4BE0-A460-0F5FB4A8C041}.Debug|Any CPU.ActiveCfg = Debug|Any CPU
		{28EA4E50-EF1A-4BE0-A460-0F5FB4A8C041}.Debug|Any CPU.Build.0 = Debug|Any CPU
		{28EA4E50-EF1A-4BE0-A460-0F5FB4A8C041}.Release|Any CPU.ActiveCfg = Release|Any CPU
		{28EA4E50-EF1A-4BE0-A460-0F5FB4A8C041}.Release|Any CPU.Build.0 = Release|Any CPU
		{131BAF0B-BF81-4EFF-B321-CBA735A4641C}.Debug|Any CPU.ActiveCfg = Debug|Any CPU
		{131BAF0B-BF81-4EFF-B321-CBA735A4641C}.Debug|Any CPU.Build.0 = Debug|Any CPU
		{131BAF0B-BF81-4EFF-B321-CBA735A4641C}.Release|Any CPU.ActiveCfg = Release|Any CPU
		{131BAF0B-BF81-4EFF-B321-CBA735A4641C}.Release|Any CPU.Build.0 = Release|Any CPU
	EndGlobalSection
	GlobalSection(SolutionProperties) = preSolution
		HideSolutionNode = FALSE
	EndGlobalSection
	GlobalSection(ExtensibilityGlobals) = postSolution
		SolutionGuid = {18174FC6-B249-4F2D-B8C6-CC4B1A1C448D}
	EndGlobalSection
EndGlobal
